// !$*UTF8*$!
{
	archiveVersion = 1;
	classes = {
	};
	objectVersion = 50;
	objects = {

/* Begin PBXBuildFile section */
		2260B62525ABB65C001C298B /* AssessmentsList.swift in Sources */ = {isa = PBXBuildFile; fileRef = 2260B62425ABB65C001C298B /* AssessmentsList.swift */; };
		2260B62B25ABB72C001C298B /* AppState.swift in Sources */ = {isa = PBXBuildFile; fileRef = 2260B62A25ABB72C001C298B /* AppState.swift */; };
		2260B62E25ABB8DC001C298B /* Assessment.swift in Sources */ = {isa = PBXBuildFile; fileRef = 2260B62D25ABB8DC001C298B /* Assessment.swift */; };
		2260B63125ABC539001C298B /* AssessmentRow.swift in Sources */ = {isa = PBXBuildFile; fileRef = 2260B63025ABC539001C298B /* AssessmentRow.swift */; };
		229731BB25AB2DD90043EA66 /* SelfAnalysisApp.swift in Sources */ = {isa = PBXBuildFile; fileRef = 229731BA25AB2DD90043EA66 /* SelfAnalysisApp.swift */; };
		229731BF25AB2DDA0043EA66 /* Assets.xcassets in Resources */ = {isa = PBXBuildFile; fileRef = 229731BE25AB2DDA0043EA66 /* Assets.xcassets */; };
		229731C225AB2DDA0043EA66 /* Preview Assets.xcassets in Resources */ = {isa = PBXBuildFile; fileRef = 229731C125AB2DDA0043EA66 /* Preview Assets.xcassets */; };
		229E1DED25AFA01700F19A5C /* AppTabNavigation.swift in Sources */ = {isa = PBXBuildFile; fileRef = 229E1DEC25AFA01700F19A5C /* AppTabNavigation.swift */; };
		229E1DF025AFA0C100F19A5C /* About.swift in Sources */ = {isa = PBXBuildFile; fileRef = 229E1DEF25AFA0C100F19A5C /* About.swift */; };
		229E1DF525AFA0FB00F19A5C /* ContentView.swift in Sources */ = {isa = PBXBuildFile; fileRef = 229E1DF425AFA0FB00F19A5C /* ContentView.swift */; };
/* End PBXBuildFile section */

/* Begin PBXFileReference section */
		2260B62425ABB65C001C298B /* AssessmentsList.swift */ = {isa = PBXFileReference; lastKnownFileType = sourcecode.swift; path = AssessmentsList.swift; sourceTree = "<group>"; };
		2260B62A25ABB72C001C298B /* AppState.swift */ = {isa = PBXFileReference; lastKnownFileType = sourcecode.swift; path = AppState.swift; sourceTree = "<group>"; };
		2260B62D25ABB8DC001C298B /* Assessment.swift */ = {isa = PBXFileReference; lastKnownFileType = sourcecode.swift; path = Assessment.swift; sourceTree = "<group>"; };
		2260B63025ABC539001C298B /* AssessmentRow.swift */ = {isa = PBXFileReference; lastKnownFileType = sourcecode.swift; path = AssessmentRow.swift; sourceTree = "<group>"; };
		229731B725AB2DD90043EA66 /* SelfAnalysis.app */ = {isa = PBXFileReference; explicitFileType = wrapper.application; includeInIndex = 0; path = SelfAnalysis.app; sourceTree = BUILT_PRODUCTS_DIR; };
		229731BA25AB2DD90043EA66 /* SelfAnalysisApp.swift */ = {isa = PBXFileReference; lastKnownFileType = sourcecode.swift; path = SelfAnalysisApp.swift; sourceTree = "<group>"; };
		229731BE25AB2DDA0043EA66 /* Assets.xcassets */ = {isa = PBXFileReference; lastKnownFileType = folder.assetcatalog; path = Assets.xcassets; sourceTree = "<group>"; };
		229731C125AB2DDA0043EA66 /* Preview Assets.xcassets */ = {isa = PBXFileReference; lastKnownFileType = folder.assetcatalog; path = "Preview Assets.xcassets"; sourceTree = "<group>"; };
		229731C325AB2DDA0043EA66 /* Info.plist */ = {isa = PBXFileReference; lastKnownFileType = text.plist.xml; path = Info.plist; sourceTree = "<group>"; };
		229E1DEC25AFA01700F19A5C /* AppTabNavigation.swift */ = {isa = PBXFileReference; lastKnownFileType = sourcecode.swift; path = AppTabNavigation.swift; sourceTree = "<group>"; };
		229E1DEF25AFA0C100F19A5C /* About.swift */ = {isa = PBXFileReference; lastKnownFileType = sourcecode.swift; path = About.swift; sourceTree = "<group>"; };
		229E1DF425AFA0FB00F19A5C /* ContentView.swift */ = {isa = PBXFileReference; lastKnownFileType = sourcecode.swift; path = ContentView.swift; sourceTree = "<group>"; };
/* End PBXFileReference section */

/* Begin PBXFrameworksBuildPhase section */
		229731B425AB2DD90043EA66 /* Frameworks */ = {
			isa = PBXFrameworksBuildPhase;
			buildActionMask = 2147483647;
			files = (
			);
			runOnlyForDeploymentPostprocessing = 0;
		};
/* End PBXFrameworksBuildPhase section */

/* Begin PBXGroup section */
		2252248825AE60FD0049A82F /* Navigation */ = {
			isa = PBXGroup;
			children = (
				229E1DEC25AFA01700F19A5C /* AppTabNavigation.swift */,
				229E1DF425AFA0FB00F19A5C /* ContentView.swift */,
			);
			path = Navigation;
			sourceTree = "<group>";
		};
		2260B62725ABB677001C298B /* Model */ = {
			isa = PBXGroup;
			children = (
				2260B62A25ABB72C001C298B /* AppState.swift */,
				2260B62D25ABB8DC001C298B /* Assessment.swift */,
			);
			path = Model;
			sourceTree = "<group>";
		};
		2260B62825ABB68A001C298B /* View */ = {
			isa = PBXGroup;
			children = (
				2260B62425ABB65C001C298B /* AssessmentsList.swift */,
				2260B63025ABC539001C298B /* AssessmentRow.swift */,
				229E1DEF25AFA0C100F19A5C /* About.swift */,
			);
			path = View;
			sourceTree = "<group>";
		};
		229731AE25AB2DD90043EA66 = {
			isa = PBXGroup;
			children = (
				229731B925AB2DD90043EA66 /* SelfAnalysis */,
				229731B825AB2DD90043EA66 /* Products */,
			);
			sourceTree = "<group>";
		};
		229731B825AB2DD90043EA66 /* Products */ = {
			isa = PBXGroup;
			children = (
				229731B725AB2DD90043EA66 /* SelfAnalysis.app */,
			);
			name = Products;
			sourceTree = "<group>";
		};
		229731B925AB2DD90043EA66 /* SelfAnalysis */ = {
			isa = PBXGroup;
			children = (
				2252248825AE60FD0049A82F /* Navigation */,
				2260B62825ABB68A001C298B /* View */,
				2260B62725ABB677001C298B /* Model */,
				229731BA25AB2DD90043EA66 /* SelfAnalysisApp.swift */,
				229731BE25AB2DDA0043EA66 /* Assets.xcassets */,
				229731C325AB2DDA0043EA66 /* Info.plist */,
				229731C025AB2DDA0043EA66 /* Preview Content */,
			);
			path = SelfAnalysis;
			sourceTree = "<group>";
		};
		229731C025AB2DDA0043EA66 /* Preview Content */ = {
			isa = PBXGroup;
			children = (
				229731C125AB2DDA0043EA66 /* Preview Assets.xcassets */,
			);
			path = "Preview Content";
			sourceTree = "<group>";
		};
/* End PBXGroup section */

/* Begin PBXNativeTarget section */
		229731B625AB2DD90043EA66 /* SelfAnalysis */ = {
			isa = PBXNativeTarget;
			buildConfigurationList = 229731C625AB2DDA0043EA66 /* Build configuration list for PBXNativeTarget "SelfAnalysis" */;
			buildPhases = (
				229731B325AB2DD90043EA66 /* Sources */,
				229731B425AB2DD90043EA66 /* Frameworks */,
				229731B525AB2DD90043EA66 /* Resources */,
			);
			buildRules = (
			);
			dependencies = (
			);
			name = SelfAnalysis;
			productName = SelfAnalysisQuestionsIosApp;
			productReference = 229731B725AB2DD90043EA66 /* SelfAnalysis.app */;
			productType = "com.apple.product-type.application";
		};
/* End PBXNativeTarget section */

/* Begin PBXProject section */
		229731AF25AB2DD90043EA66 /* Project object */ = {
			isa = PBXProject;
			attributes = {
				LastSwiftUpdateCheck = 1230;
				LastUpgradeCheck = 1230;
				TargetAttributes = {
					229731B625AB2DD90043EA66 = {
						CreatedOnToolsVersion = 12.3;
					};
				};
			};
			buildConfigurationList = 229731B225AB2DD90043EA66 /* Build configuration list for PBXProject "SelfAnalysis" */;
			compatibilityVersion = "Xcode 9.3";
			developmentRegion = en;
			hasScannedForEncodings = 0;
			knownRegions = (
				en,
				Base,
			);
			mainGroup = 229731AE25AB2DD90043EA66;
			productRefGroup = 229731B825AB2DD90043EA66 /* Products */;
			projectDirPath = "";
			projectRoot = "";
			targets = (
				229731B625AB2DD90043EA66 /* SelfAnalysis */,
			);
		};
/* End PBXProject section */

/* Begin PBXResourcesBuildPhase section */
		229731B525AB2DD90043EA66 /* Resources */ = {
			isa = PBXResourcesBuildPhase;
			buildActionMask = 2147483647;
			files = (
				229731C225AB2DDA0043EA66 /* Preview Assets.xcassets in Resources */,
				229731BF25AB2DDA0043EA66 /* Assets.xcassets in Resources */,
			);
			runOnlyForDeploymentPostprocessing = 0;
		};
/* End PBXResourcesBuildPhase section */

/* Begin PBXSourcesBuildPhase section */
		229731B325AB2DD90043EA66 /* Sources */ = {
			isa = PBXSourcesBuildPhase;
			buildActionMask = 2147483647;
			files = (
				229E1DED25AFA01700F19A5C /* AppTabNavigation.swift in Sources */,
				229731BB25AB2DD90043EA66 /* SelfAnalysisApp.swift in Sources */,
				229E1DF525AFA0FB00F19A5C /* ContentView.swift in Sources */,
				2260B62525ABB65C001C298B /* AssessmentsList.swift in Sources */,
				2260B62B25ABB72C001C298B /* AppState.swift in Sources */,
				2260B63125ABC539001C298B /* AssessmentRow.swift in Sources */,
				229E1DF025AFA0C100F19A5C /* About.swift in Sources */,
				2260B62E25ABB8DC001C298B /* Assessment.swift in Sources */,
			);
			runOnlyForDeploymentPostprocessing = 0;
		};
/* End PBXSourcesBuildPhase section */

/* Begin XCBuildConfiguration section */
		229731C425AB2DDA0043EA66 /* Debug */ = {
			isa = XCBuildConfiguration;
			buildSettings = {
				ALWAYS_SEARCH_USER_PATHS = NO;
				CLANG_ANALYZER_NONNULL = YES;
				CLANG_ANALYZER_NUMBER_OBJECT_CONVERSION = YES_AGGRESSIVE;
				CLANG_CXX_LANGUAGE_STANDARD = "gnu++14";
				CLANG_CXX_LIBRARY = "libc++";
				CLANG_ENABLE_MODULES = YES;
				CLANG_ENABLE_OBJC_ARC = YES;
				CLANG_ENABLE_OBJC_WEAK = YES;
				CLANG_WARN_BLOCK_CAPTURE_AUTORELEASING = YES;
				CLANG_WARN_BOOL_CONVERSION = YES;
				CLANG_WARN_COMMA = YES;
				CLANG_WARN_CONSTANT_CONVERSION = YES;
				CLANG_WARN_DEPRECATED_OBJC_IMPLEMENTATIONS = YES;
				CLANG_WARN_DIRECT_OBJC_ISA_USAGE = YES_ERROR;
				CLANG_WARN_DOCUMENTATION_COMMENTS = YES;
				CLANG_WARN_EMPTY_BODY = YES;
				CLANG_WARN_ENUM_CONVERSION = YES;
				CLANG_WARN_INFINITE_RECURSION = YES;
				CLANG_WARN_INT_CONVERSION = YES;
				CLANG_WARN_NON_LITERAL_NULL_CONVERSION = YES;
				CLANG_WARN_OBJC_IMPLICIT_RETAIN_SELF = YES;
				CLANG_WARN_OBJC_LITERAL_CONVERSION = YES;
				CLANG_WARN_OBJC_ROOT_CLASS = YES_ERROR;
				CLANG_WARN_QUOTED_INCLUDE_IN_FRAMEWORK_HEADER = YES;
				CLANG_WARN_RANGE_LOOP_ANALYSIS = YES;
				CLANG_WARN_STRICT_PROTOTYPES = YES;
				CLANG_WARN_SUSPICIOUS_MOVE = YES;
				CLANG_WARN_UNGUARDED_AVAILABILITY = YES_AGGRESSIVE;
				CLANG_WARN_UNREACHABLE_CODE = YES;
				CLANG_WARN__DUPLICATE_METHOD_MATCH = YES;
				COPY_PHASE_STRIP = NO;
				DEBUG_INFORMATION_FORMAT = dwarf;
				ENABLE_STRICT_OBJC_MSGSEND = YES;
				ENABLE_TESTABILITY = YES;
				GCC_C_LANGUAGE_STANDARD = gnu11;
				GCC_DYNAMIC_NO_PIC = NO;
				GCC_NO_COMMON_BLOCKS = YES;
				GCC_OPTIMIZATION_LEVEL = 0;
				GCC_PREPROCESSOR_DEFINITIONS = (
					"DEBUG=1",
					"$(inherited)",
				);
				GCC_WARN_64_TO_32_BIT_CONVERSION = YES;
				GCC_WARN_ABOUT_RETURN_TYPE = YES_ERROR;
				GCC_WARN_UNDECLARED_SELECTOR = YES;
				GCC_WARN_UNINITIALIZED_AUTOS = YES_AGGRESSIVE;
				GCC_WARN_UNUSED_FUNCTION = YES;
				GCC_WARN_UNUSED_VARIABLE = YES;
				IPHONEOS_DEPLOYMENT_TARGET = 14.3;
				MTL_ENABLE_DEBUG_INFO = INCLUDE_SOURCE;
				MTL_FAST_MATH = YES;
				ONLY_ACTIVE_ARCH = YES;
				SDKROOT = iphoneos;
				SWIFT_ACTIVE_COMPILATION_CONDITIONS = DEBUG;
				SWIFT_OPTIMIZATION_LEVEL = "-Onone";
			};
			name = Debug;
		};
		229731C525AB2DDA0043EA66 /* Release */ = {
			isa = XCBuildConfiguration;
			buildSettings = {
				ALWAYS_SEARCH_USER_PATHS = NO;
				CLANG_ANALYZER_NONNULL = YES;
				CLANG_ANALYZER_NUMBER_OBJECT_CONVERSION = YES_AGGRESSIVE;
				CLANG_CXX_LANGUAGE_STANDARD = "gnu++14";
				CLANG_CXX_LIBRARY = "libc++";
				CLANG_ENABLE_MODULES = YES;
				CLANG_ENABLE_OBJC_ARC = YES;
				CLANG_ENABLE_OBJC_WEAK = YES;
				CLANG_WARN_BLOCK_CAPTURE_AUTORELEASING = YES;
				CLANG_WARN_BOOL_CONVERSION = YES;
				CLANG_WARN_COMMA = YES;
				CLANG_WARN_CONSTANT_CONVERSION = YES;
				CLANG_WARN_DEPRECATED_OBJC_IMPLEMENTATIONS = YES;
				CLANG_WARN_DIRECT_OBJC_ISA_USAGE = YES_ERROR;
				CLANG_WARN_DOCUMENTATION_COMMENTS = YES;
				CLANG_WARN_EMPTY_BODY = YES;
				CLANG_WARN_ENUM_CONVERSION = YES;
				CLANG_WARN_INFINITE_RECURSION = YES;
				CLANG_WARN_INT_CONVERSION = YES;
				CLANG_WARN_NON_LITERAL_NULL_CONVERSION = YES;
				CLANG_WARN_OBJC_IMPLICIT_RETAIN_SELF = YES;
				CLANG_WARN_OBJC_LITERAL_CONVERSION = YES;
				CLANG_WARN_OBJC_ROOT_CLASS = YES_ERROR;
				CLANG_WARN_QUOTED_INCLUDE_IN_FRAMEWORK_HEADER = YES;
				CLANG_WARN_RANGE_LOOP_ANALYSIS = YES;
				CLANG_WARN_STRICT_PROTOTYPES = YES;
				CLANG_WARN_SUSPICIOUS_MOVE = YES;
				CLANG_WARN_UNGUARDED_AVAILABILITY = YES_AGGRESSIVE;
				CLANG_WARN_UNREACHABLE_CODE = YES;
				CLANG_WARN__DUPLICATE_METHOD_MATCH = YES;
				COPY_PHASE_STRIP = NO;
				DEBUG_INFORMATION_FORMAT = "dwarf-with-dsym";
				ENABLE_NS_ASSERTIONS = NO;
				ENABLE_STRICT_OBJC_MSGSEND = YES;
				GCC_C_LANGUAGE_STANDARD = gnu11;
				GCC_NO_COMMON_BLOCKS = YES;
				GCC_WARN_64_TO_32_BIT_CONVERSION = YES;
				GCC_WARN_ABOUT_RETURN_TYPE = YES_ERROR;
				GCC_WARN_UNDECLARED_SELECTOR = YES;
				GCC_WARN_UNINITIALIZED_AUTOS = YES_AGGRESSIVE;
				GCC_WARN_UNUSED_FUNCTION = YES;
				GCC_WARN_UNUSED_VARIABLE = YES;
				IPHONEOS_DEPLOYMENT_TARGET = 14.3;
				MTL_ENABLE_DEBUG_INFO = NO;
				MTL_FAST_MATH = YES;
				SDKROOT = iphoneos;
				SWIFT_COMPILATION_MODE = wholemodule;
				SWIFT_OPTIMIZATION_LEVEL = "-O";
				VALIDATE_PRODUCT = YES;
			};
			name = Release;
		};
		229731C725AB2DDA0043EA66 /* Debug */ = {
			isa = XCBuildConfiguration;
			buildSettings = {
				ASSETCATALOG_COMPILER_APPICON_NAME = AppIcon;
				ASSETCATALOG_COMPILER_GLOBAL_ACCENT_COLOR_NAME = AccentColor;
				CODE_SIGN_STYLE = Automatic;
				DEVELOPMENT_ASSET_PATHS = "\"SelfAnalysis/Preview Content\"";
				DEVELOPMENT_TEAM = L4AHQ246SF;
				ENABLE_PREVIEWS = YES;
				INFOPLIST_FILE = "$(SRCROOT)/SelfAnalysis/Info.plist";
				IPHONEOS_DEPLOYMENT_TARGET = 14.0;
				LD_RUNPATH_SEARCH_PATHS = (
					"$(inherited)",
					"@executable_path/Frameworks",
				);
				PRODUCT_BUNDLE_IDENTIFIER = com.ivarprudnikov.selfanalysis;
				PRODUCT_NAME = "$(TARGET_NAME)";
				SWIFT_VERSION = 5.0;
				TARGETED_DEVICE_FAMILY = "1,2";
			};
			name = Debug;
		};
		229731C825AB2DDA0043EA66 /* Release */ = {
			isa = XCBuildConfiguration;
			buildSettings = {
				ASSETCATALOG_COMPILER_APPICON_NAME = AppIcon;
				ASSETCATALOG_COMPILER_GLOBAL_ACCENT_COLOR_NAME = AccentColor;
				CODE_SIGN_STYLE = Automatic;
				DEVELOPMENT_ASSET_PATHS = "\"SelfAnalysis/Preview Content\"";
				DEVELOPMENT_TEAM = L4AHQ246SF;
				ENABLE_PREVIEWS = YES;
				INFOPLIST_FILE = "$(SRCROOT)/SelfAnalysis/Info.plist";
				IPHONEOS_DEPLOYMENT_TARGET = 14.0;
				LD_RUNPATH_SEARCH_PATHS = (
					"$(inherited)",
					"@executable_path/Frameworks",
				);
				PRODUCT_BUNDLE_IDENTIFIER = com.ivarprudnikov.selfanalysis;
				PRODUCT_NAME = "$(TARGET_NAME)";
				SWIFT_VERSION = 5.0;
				TARGETED_DEVICE_FAMILY = "1,2";
			};
			name = Release;
		};
/* End XCBuildConfiguration section */

/* Begin XCConfigurationList section */
		229731B225AB2DD90043EA66 /* Build configuration list for PBXProject "SelfAnalysis" */ = {
			isa = XCConfigurationList;
			buildConfigurations = (
				229731C425AB2DDA0043EA66 /* Debug */,
				229731C525AB2DDA0043EA66 /* Release */,
			);
			defaultConfigurationIsVisible = 0;
			defaultConfigurationName = Release;
		};
		229731C625AB2DDA0043EA66 /* Build configuration list for PBXNativeTarget "SelfAnalysis" */ = {
			isa = XCConfigurationList;
			buildConfigurations = (
				229731C725AB2DDA0043EA66 /* Debug */,
				229731C825AB2DDA0043EA66 /* Release */,
			);
			defaultConfigurationIsVisible = 0;
			defaultConfigurationName = Release;
		};
/* End XCConfigurationList section */
	};
	rootObject = 229731AF25AB2DD90043EA66 /* Project object */;
}
